// !$*UTF8*$!
{
	archiveVersion = 1;
	classes = {
	};
	objectVersion = 77;
	objects = {

/* Begin PBXBuildFile section */
		AAFF9E572F3D0E9000E03F68 /* ContentView.swift in Sources */ = {isa = PBXBuildFile; fileRef = AAFF9E3C2F3D0E9000E03F68 /* ContentView.swift */; };
		AAFF9E582F3D0E9000E03F68 /* SettingsView.swift in Sources */ = {isa = PBXBuildFile; fileRef = AAFF9E532F3D0E9000E03F68 /* SettingsView.swift */; };
		AAFF9E592F3D0E9000E03F68 /* CABSFlightApp.swift in Sources */ = {isa = PBXBuildFile; fileRef = AAFF9E3A2F3D0E9000E03F68 /* CABSFlightApp.swift */; };
		AAFF9E5A2F3D0E9000E03F68 /* Bus.swift in Sources */ = {isa = PBXBuildFile; fileRef = AAFF9E432F3D0E9000E03F68 /* Bus.swift */; };
		AAFF9E5B2F3D0E9000E03F68 /* ScreenCornerRadius.swift in Sources */ = {isa = PBXBuildFile; fileRef = AAFF9E3F2F3D0E9000E03F68 /* ScreenCornerRadius.swift */; };
		AAFF9E5C2F3D0E9000E03F68 /* CABSColors.swift in Sources */ = {isa = PBXBuildFile; fileRef = AAFF9E392F3D0E9000E03F68 /* CABSColors.swift */; };
		AAFF9E5D2F3D0E9000E03F68 /* PolylineDecoder.swift in Sources */ = {isa = PBXBuildFile; fileRef = AAFF9E3E2F3D0E9000E03F68 /* PolylineDecoder.swift */; };
		AAFF9E5E2F3D0E9000E03F68 /* Stop.swift in Sources */ = {isa = PBXBuildFile; fileRef = AAFF9E452F3D0E9000E03F68 /* Stop.swift */; };
		AAFF9E5F2F3D0E9000E03F68 /* MapContainerView.swift in Sources */ = {isa = PBXBuildFile; fileRef = AAFF9E502F3D0E9000E03F68 /* MapContainerView.swift */; };
		AAFF9E602F3D0E9000E03F68 /* Theme.swift in Sources */ = {isa = PBXBuildFile; fileRef = AAFF9E492F3D0E9000E03F68 /* Theme.swift */; };
		AAFF9E612F3D0E9000E03F68 /* ClassicFlightyView.swift in Sources */ = {isa = PBXBuildFile; fileRef = AAFF9E3B2F3D0E9000E03F68 /* ClassicFlightyView.swift */; };
		AAFF9E622F3D0E9000E03F68 /* LiquidGlassView.swift in Sources */ = {isa = PBXBuildFile; fileRef = AAFF9E3D2F3D0E9000E03F68 /* LiquidGlassView.swift */; };
		AAFF9E632F3D0E9000E03F68 /* BusTrackingViewModel.swift in Sources */ = {isa = PBXBuildFile; fileRef = AAFF9E4B2F3D0E9000E03F68 /* BusTrackingViewModel.swift */; };
		AAFF9E642F3D0E9000E03F68 /* UserPreferences.swift in Sources */ = {isa = PBXBuildFile; fileRef = AAFF9E4E2F3D0E9000E03F68 /* UserPreferences.swift */; };
		AAFF9E652F3D0E9000E03F68 /* Route.swift in Sources */ = {isa = PBXBuildFile; fileRef = AAFF9E442F3D0E9000E03F68 /* Route.swift */; };
		AAFF9E662F3D0E9000E03F68 /* GlassCard.swift in Sources */ = {isa = PBXBuildFile; fileRef = AAFF9E482F3D0E9000E03F68 /* GlassCard.swift */; };
		AAFF9E672F3D0E9000E03F68 /* BusViewModel.swift in Sources */ = {isa = PBXBuildFile; fileRef = AAFF9E4C2F3D0E9000E03F68 /* BusViewModel.swift */; };
		AAFF9E682F3D0E9000E03F68 /* OnboardingView.swift in Sources */ = {isa = PBXBuildFile; fileRef = AAFF9E512F3D0E9000E03F68 /* OnboardingView.swift */; };
		AAFF9E692F3D0E9000E03F68 /* APIResponse.swift in Sources */ = {isa = PBXBuildFile; fileRef = AAFF9E422F3D0E9000E03F68 /* APIResponse.swift */; };
		AAFF9E6A2F3D0E9000E03F68 /* RoutePickerView.swift in Sources */ = {isa = PBXBuildFile; fileRef = AAFF9E522F3D0E9000E03F68 /* RoutePickerView.swift */; };
		AAFF9E6B2F3D0E9000E03F68 /* CABSAPIService.swift in Sources */ = {isa = PBXBuildFile; fileRef = AAFF9E4D2F3D0E9000E03F68 /* CABSAPIService.swift */; };
		AAFF9E6C2F3D0E9000E03F68 /* Assets.xcassets in Resources */ = {isa = PBXBuildFile; fileRef = AAFF9E382F3D0E9000E03F68 /* Assets.xcassets */; };
/* End PBXBuildFile section */

/* Begin PBXFileReference section */
		AA1A11212F37B4AA00016C68 /* CABSFlight.app */ = {isa = PBXFileReference; explicitFileType = wrapper.application; includeInIndex = 0; path = CABSFlight.app; sourceTree = BUILT_PRODUCTS_DIR; };
		AAFF9E382F3D0E9000E03F68 /* Assets.xcassets */ = {isa = PBXFileReference; lastKnownFileType = folder.assetcatalog; path = Assets.xcassets; sourceTree = "<group>"; };
		AAFF9E392F3D0E9000E03F68 /* CABSColors.swift */ = {isa = PBXFileReference; lastKnownFileType = sourcecode.swift; path = CABSColors.swift; sourceTree = "<group>"; };
		AAFF9E3A2F3D0E9000E03F68 /* CABSFlightApp.swift */ = {isa = PBXFileReference; lastKnownFileType = sourcecode.swift; path = CABSFlightApp.swift; sourceTree = "<group>"; };
		AAFF9E3B2F3D0E9000E03F68 /* ClassicFlightyView.swift */ = {isa = PBXFileReference; lastKnownFileType = sourcecode.swift; path = ClassicFlightyView.swift; sourceTree = "<group>"; };
		AAFF9E3C2F3D0E9000E03F68 /* ContentView.swift */ = {isa = PBXFileReference; lastKnownFileType = sourcecode.swift; path = ContentView.swift; sourceTree = "<group>"; };
		AAFF9E3D2F3D0E9000E03F68 /* LiquidGlassView.swift */ = {isa = PBXFileReference; lastKnownFileType = sourcecode.swift; path = LiquidGlassView.swift; sourceTree = "<group>"; };
		AAFF9E3E2F3D0E9000E03F68 /* PolylineDecoder.swift */ = {isa = PBXFileReference; lastKnownFileType = sourcecode.swift; path = PolylineDecoder.swift; sourceTree = "<group>"; };
		AAFF9E3F2F3D0E9000E03F68 /* ScreenCornerRadius.swift */ = {isa = PBXFileReference; lastKnownFileType = sourcecode.swift; path = ScreenCornerRadius.swift; sourceTree = "<group>"; };
		AAFF9E412F3D0E9000E03F68 /* CABSFlight.xcodeproj */ = {isa = PBXFileReference; lastKnownFileType = "wrapper.pb-project"; path = CABSFlight.xcodeproj; sourceTree = "<group>"; };
		AAFF9E422F3D0E9000E03F68 /* APIResponse.swift */ = {isa = PBXFileReference; lastKnownFileType = sourcecode.swift; path = APIResponse.swift; sourceTree = "<group>"; };
		AAFF9E432F3D0E9000E03F68 /* Bus.swift */ = {isa = PBXFileReference; lastKnownFileType = sourcecode.swift; path = Bus.swift; sourceTree = "<group>"; };
		AAFF9E442F3D0E9000E03F68 /* Route.swift */ = {isa = PBXFileReference; lastKnownFileType = sourcecode.swift; path = Route.swift; sourceTree = "<group>"; };
		AAFF9E452F3D0E9000E03F68 /* Stop.swift */ = {isa = PBXFileReference; lastKnownFileType = sourcecode.swift; path = Stop.swift; sourceTree = "<group>"; };
		AAFF9E482F3D0E9000E03F68 /* GlassCard.swift */ = {isa = PBXFileReference; lastKnownFileType = sourcecode.swift; path = GlassCard.swift; sourceTree = "<group>"; };
		AAFF9E492F3D0E9000E03F68 /* Theme.swift */ = {isa = PBXFileReference; lastKnownFileType = sourcecode.swift; path = Theme.swift; sourceTree = "<group>"; };
		AAFF9E4B2F3D0E9000E03F68 /* BusTrackingViewModel.swift */ = {isa = PBXFileReference; lastKnownFileType = sourcecode.swift; path = BusTrackingViewModel.swift; sourceTree = "<group>"; };
		AAFF9E4C2F3D0E9000E03F68 /* BusViewModel.swift */ = {isa = PBXFileReference; lastKnownFileType = sourcecode.swift; path = BusViewModel.swift; sourceTree = "<group>"; };
		AAFF9E4D2F3D0E9000E03F68 /* CABSAPIService.swift */ = {isa = PBXFileReference; lastKnownFileType = sourcecode.swift; path = CABSAPIService.swift; sourceTree = "<group>"; };
		AAFF9E4E2F3D0E9000E03F68 /* UserPreferences.swift */ = {isa = PBXFileReference; lastKnownFileType = sourcecode.swift; path = UserPreferences.swift; sourceTree = "<group>"; };
		AAFF9E502F3D0E9000E03F68 /* MapContainerView.swift */ = {isa = PBXFileReference; lastKnownFileType = sourcecode.swift; path = MapContainerView.swift; sourceTree = "<group>"; };
		AAFF9E512F3D0E9000E03F68 /* OnboardingView.swift */ = {isa = PBXFileReference; lastKnownFileType = sourcecode.swift; path = OnboardingView.swift; sourceTree = "<group>"; };
		AAFF9E522F3D0E9000E03F68 /* RoutePickerView.swift */ = {isa = PBXFileReference; lastKnownFileType = sourcecode.swift; path = RoutePickerView.swift; sourceTree = "<group>"; };
		AAFF9E532F3D0E9000E03F68 /* SettingsView.swift */ = {isa = PBXFileReference; lastKnownFileType = sourcecode.swift; path = SettingsView.swift; sourceTree = "<group>"; };
/* End PBXFileReference section */

/* Begin PBXFrameworksBuildPhase section */
		AA1A111E2F37B4AA00016C68 /* Frameworks */ = {
			isa = PBXFrameworksBuildPhase;
			buildActionMask = 2147483647;
			files = (
			);
			runOnlyForDeploymentPostprocessing = 0;
		};
/* End PBXFrameworksBuildPhase section */

/* Begin PBXGroup section */
		AA1A11182F37B4AA00016C68 = {
			isa = PBXGroup;
			children = (
				AAFF9E382F3D0E9000E03F68 /* Assets.xcassets */,
				AAFF9E402F3D0E9000E03F68 /* CABSFlight */,
				AAFF9E412F3D0E9000E03F68 /* CABSFlight.xcodeproj */,
				AAFF9E462F3D0E9000E03F68 /* Models */,
				AAFF9E472F3D0E9000E03F68 /* Services */,
				AAFF9E4A2F3D0E9000E03F68 /* Theme */,
				AAFF9E4F2F3D0E9000E03F68 /* ViewModels */,
				AAFF9E542F3D0E9000E03F68 /* Views */,
				AA1A11222F37B4AA00016C68 /* Products */,
			);
			sourceTree = "<group>";
		};
		AA1A11222F37B4AA00016C68 /* Products */ = {
			isa = PBXGroup;
			children = (
				AA1A11212F37B4AA00016C68 /* CABSFlight.app */,
			);
			name = Products;
			sourceTree = "<group>";
		};
		AAFF9E402F3D0E9000E03F68 /* CABSFlight */ = {
			isa = PBXGroup;
			children = (
				AAFF9E392F3D0E9000E03F68 /* CABSColors.swift */,
				AAFF9E3A2F3D0E9000E03F68 /* CABSFlightApp.swift */,
				AAFF9E3B2F3D0E9000E03F68 /* ClassicFlightyView.swift */,
				AAFF9E3C2F3D0E9000E03F68 /* ContentView.swift */,
				AAFF9E3D2F3D0E9000E03F68 /* LiquidGlassView.swift */,
				AAFF9E3E2F3D0E9000E03F68 /* PolylineDecoder.swift */,
				AAFF9E3F2F3D0E9000E03F68 /* ScreenCornerRadius.swift */,
			);
			path = CABSFlight;
			sourceTree = "<group>";
		};
		AAFF9E462F3D0E9000E03F68 /* Models */ = {
			isa = PBXGroup;
			children = (
				AAFF9E422F3D0E9000E03F68 /* APIResponse.swift */,
				AAFF9E432F3D0E9000E03F68 /* Bus.swift */,
				AAFF9E442F3D0E9000E03F68 /* Route.swift */,
				AAFF9E452F3D0E9000E03F68 /* Stop.swift */,
			);
			path = Models;
			sourceTree = "<group>";
		};
		AAFF9E472F3D0E9000E03F68 /* Services */ = {
			isa = PBXGroup;
			children = (
			);
			path = Services;
			sourceTree = "<group>";
		};
		AAFF9E4A2F3D0E9000E03F68 /* Theme */ = {
			isa = PBXGroup;
			children = (
				AAFF9E482F3D0E9000E03F68 /* GlassCard.swift */,
				AAFF9E492F3D0E9000E03F68 /* Theme.swift */,
			);
			path = Theme;
			sourceTree = "<group>";
		};
		AAFF9E4F2F3D0E9000E03F68 /* ViewModels */ = {
			isa = PBXGroup;
			children = (
				AAFF9E4B2F3D0E9000E03F68 /* BusTrackingViewModel.swift */,
				AAFF9E4C2F3D0E9000E03F68 /* BusViewModel.swift */,
				AAFF9E4D2F3D0E9000E03F68 /* CABSAPIService.swift */,
				AAFF9E4E2F3D0E9000E03F68 /* UserPreferences.swift */,
			);
			path = ViewModels;
			sourceTree = "<group>";
		};
		AAFF9E542F3D0E9000E03F68 /* Views */ = {
			isa = PBXGroup;
			children = (
				AAFF9E502F3D0E9000E03F68 /* MapContainerView.swift */,
				AAFF9E512F3D0E9000E03F68 /* OnboardingView.swift */,
				AAFF9E522F3D0E9000E03F68 /* RoutePickerView.swift */,
				AAFF9E532F3D0E9000E03F68 /* SettingsView.swift */,
			);
			path = Views;
			sourceTree = "<group>";
		};
		AAFF9E552F3D0E9000E03F68 /* Products */ = {
			isa = PBXGroup;
			name = Products;
			sourceTree = "<group>";
		};
/* End PBXGroup section */

/* Begin PBXNativeTarget section */
		AA1A11202F37B4AA00016C68 /* CABSFlight */ = {
			isa = PBXNativeTarget;
			buildConfigurationList = AA1A112C2F37B4AB00016C68 /* Build configuration list for PBXNativeTarget "CABSFlight" */;
			buildPhases = (
				AA1A111D2F37B4AA00016C68 /* Sources */,
				AA1A111E2F37B4AA00016C68 /* Frameworks */,
				AA1A111F2F37B4AA00016C68 /* Resources */,
			);
			buildRules = (
			);
			dependencies = (
			);
			name = CABSFlight;
			packageProductDependencies = (
			);
			productName = CABSFlight;
			productReference = AA1A11212F37B4AA00016C68 /* CABSFlight.app */;
			productType = "com.apple.product-type.application";
		};
/* End PBXNativeTarget section */

/* Begin PBXProject section */
		AA1A11192F37B4AA00016C68 /* Project object */ = {
			isa = PBXProject;
			attributes = {
				BuildIndependentTargetsInParallel = 1;
				LastSwiftUpdateCheck = 2620;
				LastUpgradeCheck = 2620;
				TargetAttributes = {
					AA1A11202F37B4AA00016C68 = {
						CreatedOnToolsVersion = 26.2;
					};
				};
			};
			buildConfigurationList = AA1A111C2F37B4AA00016C68 /* Build configuration list for PBXProject "CABSFlight" */;
			developmentRegion = en;
			hasScannedForEncodings = 0;
			knownRegions = (
				en,
				Base,
			);
			mainGroup = AA1A11182F37B4AA00016C68;
			minimizedProjectReferenceProxies = 1;
			preferredProjectObjectVersion = 77;
			productRefGroup = AA1A11222F37B4AA00016C68 /* Products */;
			projectDirPath = "";
			projectReferences = (
				{
					ProductGroup = AAFF9E552F3D0E9000E03F68 /* Products */;
					ProjectRef = AAFF9E412F3D0E9000E03F68 /* CABSFlight.xcodeproj */;
				},
			);
			projectRoot = "";
			targets = (
				AA1A11202F37B4AA00016C68 /* CABSFlight */,
			);
		};
/* End PBXProject section */

/* Begin PBXResourcesBuildPhase section */
		AA1A111F2F37B4AA00016C68 /* Resources */ = {
			isa = PBXResourcesBuildPhase;
			buildActionMask = 2147483647;
			files = (
				AAFF9E6C2F3D0E9000E03F68 /* Assets.xcassets in Resources */,
			);
			runOnlyForDeploymentPostprocessing = 0;
		};
/* End PBXResourcesBuildPhase section */

/* Begin PBXSourcesBuildPhase section */
		AA1A111D2F37B4AA00016C68 /* Sources */ = {
			isa = PBXSourcesBuildPhase;
			buildActionMask = 2147483647;
			files = (
				AAFF9E572F3D0E9000E03F68 /* ContentView.swift in Sources */,
				AAFF9E582F3D0E9000E03F68 /* SettingsView.swift in Sources */,
				AAFF9E592F3D0E9000E03F68 /* CABSFlightApp.swift in Sources */,
				AAFF9E5A2F3D0E9000E03F68 /* Bus.swift in Sources */,
				AAFF9E5B2F3D0E9000E03F68 /* ScreenCornerRadius.swift in Sources */,
				AAFF9E5C2F3D0E9000E03F68 /* CABSColors.swift in Sources */,
				AAFF9E5D2F3D0E9000E03F68 /* PolylineDecoder.swift in Sources */,
				AAFF9E5E2F3D0E9000E03F68 /* Stop.swift in Sources */,
				AAFF9E5F2F3D0E9000E03F68 /* MapContainerView.swift in Sources */,
				AAFF9E602F3D0E9000E03F68 /* Theme.swift in Sources */,
				AAFF9E612F3D0E9000E03F68 /* ClassicFlightyView.swift in Sources */,
				AAFF9E622F3D0E9000E03F68 /* LiquidGlassView.swift in Sources */,
				AAFF9E632F3D0E9000E03F68 /* BusTrackingViewModel.swift in Sources */,
				AAFF9E642F3D0E9000E03F68 /* UserPreferences.swift in Sources */,
				AAFF9E652F3D0E9000E03F68 /* Route.swift in Sources */,
				AAFF9E662F3D0E9000E03F68 /* GlassCard.swift in Sources */,
				AAFF9E672F3D0E9000E03F68 /* BusViewModel.swift in Sources */,
				AAFF9E682F3D0E9000E03F68 /* OnboardingView.swift in Sources */,
				AAFF9E692F3D0E9000E03F68 /* APIResponse.swift in Sources */,
				AAFF9E6A2F3D0E9000E03F68 /* RoutePickerView.swift in Sources */,
				AAFF9E6B2F3D0E9000E03F68 /* CABSAPIService.swift in Sources */,
			);
			runOnlyForDeploymentPostprocessing = 0;
		};
/* End PBXSourcesBuildPhase section */

/* Begin XCBuildConfiguration section */
		AA1A112A2F37B4AB00016C68 /* Debug */ = {
			isa = XCBuildConfiguration;
			buildSettings = {
				ALWAYS_SEARCH_USER_PATHS = NO;
				ASSETCATALOG_COMPILER_GENERATE_SWIFT_ASSET_SYMBOL_EXTENSIONS = YES;
				CLANG_ANALYZER_NONNULL = YES;
				CLANG_ANALYZER_NUMBER_OBJECT_CONVERSION = YES_AGGRESSIVE;
				CLANG_CXX_LANGUAGE_STANDARD = "gnu++20";
				CLANG_ENABLE_MODULES = YES;
				CLANG_ENABLE_OBJC_ARC = YES;
				CLANG_ENABLE_OBJC_WEAK = YES;
				CLANG_WARN_BLOCK_CAPTURE_AUTORELEASING = YES;
				CLANG_WARN_BOOL_CONVERSION = YES;
				CLANG_WARN_COMMA = YES;
				CLANG_WARN_CONSTANT_CONVERSION = YES;
				CLANG_WARN_DEPRECATED_OBJC_IMPLEMENTATIONS = YES;
				CLANG_WARN_DIRECT_OBJC_ISA_USAGE = YES_ERROR;
				CLANG_WARN_DOCUMENTATION_COMMENTS = YES;
				CLANG_WARN_EMPTY_BODY = YES;
				CLANG_WARN_ENUM_CONVERSION = YES;
				CLANG_WARN_INFINITE_RECURSION = YES;
				CLANG_WARN_INT_CONVERSION = YES;
				CLANG_WARN_NON_LITERAL_NULL_CONVERSION = YES;
				CLANG_WARN_OBJC_IMPLICIT_RETAIN_SELF = YES;
				CLANG_WARN_OBJC_LITERAL_CONVERSION = YES;
				CLANG_WARN_OBJC_ROOT_CLASS = YES_ERROR;
				CLANG_WARN_QUOTED_INCLUDE_IN_FRAMEWORK_HEADER = YES;
				CLANG_WARN_RANGE_LOOP_ANALYSIS = YES;
				CLANG_WARN_STRICT_PROTOTYPES = YES;
				CLANG_WARN_SUSPICIOUS_MOVE = YES;
				CLANG_WARN_UNGUARDED_AVAILABILITY = YES_AGGRESSIVE;
				CLANG_WARN_UNREACHABLE_CODE = YES;
				CLANG_WARN__DUPLICATE_METHOD_MATCH = YES;
				COPY_PHASE_STRIP = NO;
				DEBUG_INFORMATION_FORMAT = dwarf;
				DEVELOPMENT_TEAM = BBAR5JX2W8;
				ENABLE_STRICT_OBJC_MSGSEND = YES;
				ENABLE_TESTABILITY = YES;
				ENABLE_USER_SCRIPT_SANDBOXING = YES;
				GCC_C_LANGUAGE_STANDARD = gnu17;
				GCC_DYNAMIC_NO_PIC = NO;
				GCC_NO_COMMON_BLOCKS = YES;
				GCC_OPTIMIZATION_LEVEL = 0;
				GCC_PREPROCESSOR_DEFINITIONS = (
					"DEBUG=1",
					"$(inherited)",
				);
				GCC_WARN_64_TO_32_BIT_CONVERSION = YES;
				GCC_WARN_ABOUT_RETURN_TYPE = YES_ERROR;
				GCC_WARN_UNDECLARED_SELECTOR = YES;
				GCC_WARN_UNINITIALIZED_AUTOS = YES_AGGRESSIVE;
				GCC_WARN_UNUSED_FUNCTION = YES;
				GCC_WARN_UNUSED_VARIABLE = YES;
				IPHONEOS_DEPLOYMENT_TARGET = 26.2;
				LOCALIZATION_PREFERS_STRING_CATALOGS = YES;
				MTL_ENABLE_DEBUG_INFO = INCLUDE_SOURCE;
				MTL_FAST_MATH = YES;
				ONLY_ACTIVE_ARCH = YES;
				SDKROOT = iphoneos;
				SWIFT_ACTIVE_COMPILATION_CONDITIONS = "DEBUG $(inherited)";
				SWIFT_OPTIMIZATION_LEVEL = "-Onone";
			};
			name = Debug;
		};
		AA1A112B2F37B4AB00016C68 /* Release */ = {
			isa = XCBuildConfiguration;
			buildSettings = {
				ALWAYS_SEARCH_USER_PATHS = NO;
				ASSETCATALOG_COMPILER_GENERATE_SWIFT_ASSET_SYMBOL_EXTENSIONS = YES;
				CLANG_ANALYZER_NONNULL = YES;
				CLANG_ANALYZER_NUMBER_OBJECT_CONVERSION = YES_AGGRESSIVE;
				CLANG_CXX_LANGUAGE_STANDARD = "gnu++20";
				CLANG_ENABLE_MODULES = YES;
				CLANG_ENABLE_OBJC_ARC = YES;
				CLANG_ENABLE_OBJC_WEAK = YES;
				CLANG_WARN_BLOCK_CAPTURE_AUTORELEASING = YES;
				CLANG_WARN_BOOL_CONVERSION = YES;
				CLANG_WARN_COMMA = YES;
				CLANG_WARN_CONSTANT_CONVERSION = YES;
				CLANG_WARN_DEPRECATED_OBJC_IMPLEMENTATIONS = YES;
				CLANG_WARN_DIRECT_OBJC_ISA_USAGE = YES_ERROR;
				CLANG_WARN_DOCUMENTATION_COMMENTS = YES;
				CLANG_WARN_EMPTY_BODY = YES;
				CLANG_WARN_ENUM_CONVERSION = YES;
				CLANG_WARN_INFINITE_RECURSION = YES;
				CLANG_WARN_INT_CONVERSION = YES;
				CLANG_WARN_NON_LITERAL_NULL_CONVERSION = YES;
				CLANG_WARN_OBJC_IMPLICIT_RETAIN_SELF = YES;
				CLANG_WARN_OBJC_LITERAL_CONVERSION = YES;
				CLANG_WARN_OBJC_ROOT_CLASS = YES_ERROR;
				CLANG_WARN_QUOTED_INCLUDE_IN_FRAMEWORK_HEADER = YES;
				CLANG_WARN_RANGE_LOOP_ANALYSIS = YES;
				CLANG_WARN_STRICT_PROTOTYPES = YES;
				CLANG_WARN_SUSPICIOUS_MOVE = YES;
				CLANG_WARN_UNGUARDED_AVAILABILITY = YES_AGGRESSIVE;
				CLANG_WARN_UNREACHABLE_CODE = YES;
				CLANG_WARN__DUPLICATE_METHOD_MATCH = YES;
				COPY_PHASE_STRIP = NO;
				DEBUG_INFORMATION_FORMAT = "dwarf-with-dsym";
				DEVELOPMENT_TEAM = BBAR5JX2W8;
				ENABLE_NS_ASSERTIONS = NO;
				ENABLE_STRICT_OBJC_MSGSEND = YES;
				ENABLE_USER_SCRIPT_SANDBOXING = YES;
				GCC_C_LANGUAGE_STANDARD = gnu17;
				GCC_NO_COMMON_BLOCKS = YES;
				GCC_WARN_64_TO_32_BIT_CONVERSION = YES;
				GCC_WARN_ABOUT_RETURN_TYPE = YES_ERROR;
				GCC_WARN_UNDECLARED_SELECTOR = YES;
				GCC_WARN_UNINITIALIZED_AUTOS = YES_AGGRESSIVE;
				GCC_WARN_UNUSED_FUNCTION = YES;
				GCC_WARN_UNUSED_VARIABLE = YES;
				IPHONEOS_DEPLOYMENT_TARGET = 26.2;
				LOCALIZATION_PREFERS_STRING_CATALOGS = YES;
				MTL_ENABLE_DEBUG_INFO = NO;
				MTL_FAST_MATH = YES;
				SDKROOT = iphoneos;
				SWIFT_COMPILATION_MODE = wholemodule;
				VALIDATE_PRODUCT = YES;
			};
			name = Release;
		};
		AA1A112D2F37B4AB00016C68 /* Debug */ = {
			isa = XCBuildConfiguration;
			buildSettings = {
				ASSETCATALOG_COMPILER_APPICON_NAME = AppIcon;
				ASSETCATALOG_COMPILER_GLOBAL_ACCENT_COLOR_NAME = AccentColor;
				CODE_SIGN_STYLE = Automatic;
				CURRENT_PROJECT_VERSION = 1;
				DEVELOPMENT_TEAM = BBAR5JX2W8;
				ENABLE_PREVIEWS = YES;
				GENERATE_INFOPLIST_FILE = YES;
				INFOPLIST_KEY_CFBundleDisplayName = "CABSFlight\nPublic\nCABSFlight";
				INFOPLIST_KEY_LSApplicationCategoryType = "public.app-category.navigation";
				INFOPLIST_KEY_UIApplicationSceneManifest_Generation = YES;
				INFOPLIST_KEY_UIApplicationSupportsIndirectInputEvents = YES;
				INFOPLIST_KEY_UILaunchScreen_Generation = YES;
				INFOPLIST_KEY_UISupportedInterfaceOrientations_iPad = "UIInterfaceOrientationPortrait UIInterfaceOrientationPortraitUpsideDown UIInterfaceOrientationLandscapeLeft UIInterfaceOrientationLandscapeRight";
				INFOPLIST_KEY_UISupportedInterfaceOrientations_iPhone = "UIInterfaceOrientationPortrait UIInterfaceOrientationLandscapeLeft UIInterfaceOrientationLandscapeRight";
				IPHONEOS_DEPLOYMENT_TARGET = 18.6;
				LD_RUNPATH_SEARCH_PATHS = (
					"$(inherited)",
					"@executable_path/Frameworks",
				);
				MARKETING_VERSION = 1.0;
				PRODUCT_BUNDLE_IDENTIFIER = com.fusiondrive.CABSFlight;
				PRODUCT_NAME = "$(TARGET_NAME)";
				STRING_CATALOG_GENERATE_SYMBOLS = YES;
				SWIFT_APPROACHABLE_CONCURRENCY = YES;
				SWIFT_DEFAULT_ACTOR_ISOLATION = MainActor;
				SWIFT_EMIT_LOC_STRINGS = YES;
				SWIFT_UPCOMING_FEATURE_MEMBER_IMPORT_VISIBILITY = YES;
				SWIFT_VERSION = 5.0;
				TARGETED_DEVICE_FAMILY = "1,2";
			};
			name = Debug;
		};
		AA1A112E2F37B4AB00016C68 /* Release */ = {
			isa = XCBuildConfiguration;
			buildSettings = {
				ASSETCATALOG_COMPILER_APPICON_NAME = AppIcon;
				ASSETCATALOG_COMPILER_GLOBAL_ACCENT_COLOR_NAME = AccentColor;
				CODE_SIGN_STYLE = Automatic;
				CURRENT_PROJECT_VERSION = 1;
				DEVELOPMENT_TEAM = BBAR5JX2W8;
				ENABLE_PREVIEWS = YES;
				GENERATE_INFOPLIST_FILE = YES;
				INFOPLIST_KEY_CFBundleDisplayName = "CABSFlight\nPublic\nCABSFlight";
				INFOPLIST_KEY_LSApplicationCategoryType = "public.app-category.navigation";
				INFOPLIST_KEY_UIApplicationSceneManifest_Generation = YES;
				INFOPLIST_KEY_UIApplicationSupportsIndirectInputEvents = YES;
				INFOPLIST_KEY_UILaunchScreen_Generation = YES;
				INFOPLIST_KEY_UISupportedInterfaceOrientations_iPad = "UIInterfaceOrientationPortrait UIInterfaceOrientationPortraitUpsideDown UIInterfaceOrientationLandscapeLeft UIInterfaceOrientationLandscapeRight";
				INFOPLIST_KEY_UISupportedInterfaceOrientations_iPhone = "UIInterfaceOrientationPortrait UIInterfaceOrientationLandscapeLeft UIInterfaceOrientationLandscapeRight";
				IPHONEOS_DEPLOYMENT_TARGET = 18.6;
				LD_RUNPATH_SEARCH_PATHS = (
					"$(inherited)",
					"@executable_path/Frameworks",
				);
				MARKETING_VERSION = 1.0;
				PRODUCT_BUNDLE_IDENTIFIER = com.fusiondrive.CABSFlight;
				PRODUCT_NAME = "$(TARGET_NAME)";
				STRING_CATALOG_GENERATE_SYMBOLS = YES;
				SWIFT_APPROACHABLE_CONCURRENCY = YES;
				SWIFT_DEFAULT_ACTOR_ISOLATION = MainActor;
				SWIFT_EMIT_LOC_STRINGS = YES;
				SWIFT_UPCOMING_FEATURE_MEMBER_IMPORT_VISIBILITY = YES;
				SWIFT_VERSION = 5.0;
				TARGETED_DEVICE_FAMILY = "1,2";
			};
			name = Release;
		};
/* End XCBuildConfiguration section */

/* Begin XCConfigurationList section */
		AA1A111C2F37B4AA00016C68 /* Build configuration list for PBXProject "CABSFlight" */ = {
			isa = XCConfigurationList;
			buildConfigurations = (
				AA1A112A2F37B4AB00016C68 /* Debug */,
				AA1A112B2F37B4AB00016C68 /* Release */,
			);
			defaultConfigurationIsVisible = 0;
			defaultConfigurationName = Release;
		};
		AA1A112C2F37B4AB00016C68 /* Build configuration list for PBXNativeTarget "CABSFlight" */ = {
			isa = XCConfigurationList;
			buildConfigurations = (
				AA1A112D2F37B4AB00016C68 /* Debug */,
				AA1A112E2F37B4AB00016C68 /* Release */,
			);
			defaultConfigurationIsVisible = 0;
			defaultConfigurationName = Release;
		};
/* End XCConfigurationList section */
	};
	rootObject = AA1A11192F37B4AA00016C68 /* Project object */;
}
